
Microsoft Visual Studio Solution File, Format Version 12.00
# Visual Studio Version 16
VisualStudioVersion = 16.0.31005.135
MinimumVisualStudioVersion = 10.0.40219.1
Project("{9A19103F-16F7-4668-BE54-9A1E7A4F7556}") = "ProjectManager.Core", "src\ProjectManager.Core\ProjectManager.Core.csproj", "{E77078FC-6BF5-4350-9D01-1DFE5EDD6CF0}"
EndProject
Project("{9A19103F-16F7-4668-BE54-9A1E7A4F7556}") = "ProjectManager.Infrastructure", "src\ProjectManager.Infrastructure\ProjectManager.Infrastructure.csproj", "{460EE0B1-C788-4397-9B2A-A1440EA2B3F3}"
	ProjectSection(ProjectDependencies) = postProject
		{E77078FC-6BF5-4350-9D01-1DFE5EDD6CF0} = {E77078FC-6BF5-4350-9D01-1DFE5EDD6CF0}
	EndProjectSection
EndProject
Project("{9A19103F-16F7-4668-BE54-9A1E7A4F7556}") = "ProjectManager.Web", "src\ProjectManager.Web\ProjectManager.Web.csproj", "{A3811D6A-E626-4156-AD0F-AE3475B1F8B7}"
	ProjectSection(ProjectDependencies) = postProject
		{460EE0B1-C788-4397-9B2A-A1440EA2B3F3} = {460EE0B1-C788-4397-9B2A-A1440EA2B3F3}
	EndProjectSection
EndProject
Global
	GlobalSection(SolutionConfigurationPlatforms) = preSolution
		Debug|Any CPU = Debug|Any CPU
		Release|Any CPU = Release|Any CPU
	EndGlobalSection
	GlobalSection(ProjectConfigurationPlatforms) = postSolution
		{E77078FC-6BF5-4350-9D01-1DFE5EDD6CF0}.Debug|Any CPU.ActiveCfg = Debug|Any CPU
		{E77078FC-6BF5-4350-9D01-1DFE5EDD6CF0}.Debug|Any CPU.Build.0 = Debug|Any CPU
		{E77078FC-6BF5-4350-9D01-1DFE5EDD6CF0}.Release|Any CPU.ActiveCfg = Release|Any CPU
		{E77078FC-6BF5-4350-9D01-1DFE5EDD6CF0}.Release|Any CPU.Build.0 = Release|Any CPU
		{460EE0B1-C788-4397-9B2A-A1440EA2B3F3}.Debug|Any CPU.ActiveCfg = Debug|Any CPU
		{460EE0B1-C788-4397-9B2A-A1440EA2B3F3}.Debug|Any CPU.Build.0 = Debug|Any CPU
		{460EE0B1-C788-4397-9B2A-A1440EA2B3F3}.Release|Any CPU.ActiveCfg = Release|Any CPU
		{460EE0B1-C788-4397-9B2A-A1440EA2B3F3}.Release|Any CPU.Build.0 = Release|Any CPU
		{A3811D6A-E626-4156-AD0F-AE3475B1F8B7}.Debug|Any CPU.ActiveCfg = Debug|Any CPU
		{A3811D6A-E626-4156-AD0F-AE3475B1F8B7}.Debug|Any CPU.Build.0 = Debug|Any CPU
		{A3811D6A-E626-4156-AD0F-AE3475B1F8B7}.Release|Any CPU.ActiveCfg = Release|Any CPU
		{A3811D6A-E626-4156-AD0F-AE3475B1F8B7}.Release|Any CPU.Build.0 = Release|Any CPU
	EndGlobalSection
	GlobalSection(SolutionProperties) = preSolution
		HideSolutionNode = FALSE
	EndGlobalSection
	GlobalSection(ExtensibilityGlobals) = postSolution
		SolutionGuid = {067F63EA-4CE0-418F-8B1D-BF1AE93BF3E2}
	EndGlobalSection
EndGlobal
